
Microsoft Visual Studio Solution File, Format Version 12.00
# Visual Studio Version 17
VisualStudioVersion = 17.3.32825.248
MinimumVisualStudioVersion = 10.0.40219.1
Project("{FAE04EC0-301F-11D3-BF4B-00C04F79EFBC}") = "asp-razor", "asp-razor.csproj", "{91EB372F-88CB-40B2-AC97-E4E55869D8E5}"
EndProject
Global
	GlobalSection(SolutionConfigurationPlatforms) = preSolution
		Debug|Any CPU = Debug|Any CPU
		Release|Any CPU = Release|Any CPU
	EndGlobalSection
	GlobalSection(ProjectConfigurationPlatforms) = postSolution
		{91EB372F-88CB-40B2-AC97-E4E55869D8E5}.Debug|Any CPU.ActiveCfg = Debug|Any CPU
		{91EB372F-88CB-40B2-AC97-E4E55869D8E5}.Debug|Any CPU.Build.0 = Debug|Any CPU
		{91EB372F-88CB-40B2-AC97-E4E55869D8E5}.Release|Any CPU.ActiveCfg = Release|Any CPU
		{91EB372F-88CB-40B2-AC97-E4E55869D8E5}.Release|Any CPU.Build.0 = Release|Any CPU
	EndGlobalSection
	GlobalSection(SolutionProperties) = preSolution
		HideSolutionNode = FALSE
	EndGlobalSection
	GlobalSection(ExtensibilityGlobals) = postSolution
		SolutionGuid = {BA1C0F73-7172-4AF9-97FA-392443988F34}
	EndGlobalSection
EndGlobal
